
Microsoft Visual Studio Solution File, Format Version 12.00
# Visual Studio Version 16
VisualStudioVersion = 16.0.29728.190
MinimumVisualStudioVersion = 10.0.40219.1
Project("{9A19103F-16F7-4668-BE54-9A1E7A4F7556}") = "adaptive-dialogs-example", "adaptive-dialogs-example.csproj", "{BD7EA1B4-3403-49E0-820B-35A0A688FFCC}"
EndProject
Global
	GlobalSection(SolutionConfigurationPlatforms) = preSolution
		Debug|Any CPU = Debug|Any CPU
		Release|Any CPU = Release|Any CPU
	EndGlobalSection
	GlobalSection(ProjectConfigurationPlatforms) = postSolution
		{BD7EA1B4-3403-49E0-820B-35A0A688FFCC}.Debug|Any CPU.ActiveCfg = Debug|Any CPU
		{BD7EA1B4-3403-49E0-820B-35A0A688FFCC}.Debug|Any CPU.Build.0 = Debug|Any CPU
		{BD7EA1B4-3403-49E0-820B-35A0A688FFCC}.Release|Any CPU.ActiveCfg = Release|Any CPU
		{BD7EA1B4-3403-49E0-820B-35A0A688FFCC}.Release|Any CPU.Build.0 = Release|Any CPU
	EndGlobalSection
	GlobalSection(SolutionProperties) = preSolution
		HideSolutionNode = FALSE
	EndGlobalSection
	GlobalSection(ExtensibilityGlobals) = postSolution
		SolutionGuid = {1B22FB2F-B4DB-4372-9242-8ED8BFD3AFBA}
	EndGlobalSection
EndGlobal
